# This file is generated by running "yarn install" inside your project.
# Manual changes might be lost - proceed with caution!

__metadata:
  version: 10
  cacheKey: 10c0

"@biomejs/biome@npm:2.5.6":
  version: 2.5.6
  resolution: "@biomejs/biome@npm:2.5.6"
  dependencies:
    "@biomejs/cli-darwin-arm64": "npm:2.5.6"
    "@biomejs/cli-darwin-x64": "npm:2.5.6"
    "@biomejs/cli-linux-arm64": "npm:2.5.6"
    "@biomejs/cli-linux-arm64-musl": "npm:2.5.6"
    "@biomejs/cli-linux-x64": "npm:2.5.6"
    "@biomejs/cli-linux-x64-musl": "npm:2.5.6"
    "@biomejs/cli-win32-arm64": "npm:2.5.6"
    "@biomejs/cli-win32-x64": "npm:2.5.6"
  dependenciesMeta:
    "@biomejs/cli-darwin-arm64":
      optional: true
    "@biomejs/cli-darwin-x64":
      optional: true
    "@biomejs/cli-linux-arm64":
      optional: true
    "@biomejs/cli-linux-arm64-musl":
      optional: true
    "@biomejs/cli-linux-x64":
      optional: true
    "@biomejs/cli-linux-x64-musl":
      optional: true
    "@biomejs/cli-win32-arm64":
      optional: true
    "@biomejs/cli-win32-x64":
      optional: true
  bin:
    biome: bin/biome
  checksum: 10c0/e3d1dbcde77c756933241b3e2e7e1bec7ea54a6137791c50afbada925c69852f50bd08c1554afba6d74cd6cb0b7d1f79525348b95368cc863060c37c2864f0d9
  languageName: node
  linkType: hard

"@biomejs/cli-darwin-arm64@npm:2.5.6":
  version: 2.5.6
  resolution: "@biomejs/cli-darwin-arm64@npm:2.5.6"
  conditions: os=darwin & cpu=arm64
  languageName: node
  linkType: hard

"@biomejs/cli-darwin-x64@npm:2.5.6":
  version: 2.5.6
  resolution: "@biomejs/cli-darwin-x64@npm:2.5.6"
  conditions: os=darwin & cpu=x64
  languageName: node
  linkType: hard

"@biomejs/cli-linux-arm64-musl@npm:2.5.6":
  version: 2.5.6
  resolution: "@biomejs/cli-linux-arm64-musl@npm:2.5.6"
  conditions: os=linux & cpu=arm64 & libc=musl
  languageName: node
  linkType: hard

"@biomejs/cli-linux-arm64@npm:2.5.6":
  version: 2.5.6
  resolution: "@biomejs/cli-linux-arm64@npm:2.5.6"
  conditions: os=linux & cpu=arm64 & libc=glibc
  languageName: node
  linkType: hard

"@biomejs/cli-linux-x64-musl@npm:2.5.6":
  version: 2.5.6
  resolution: "@biomejs/cli-linux-x64-musl@npm:2.5.6"
  conditions: os=linux & cpu=x64 & libc=musl
  languageName: node
  linkType: hard

"@biomejs/cli-linux-x64@npm:2.5.6":
  version: 2.5.6
  resolution: "@biomejs/cli-linux-x64@npm:2.5.6"
  conditions: os=linux & cpu=x64 & libc=glibc
  languageName: node
  linkType: hard

"@biomejs/cli-win32-arm64@npm:2.5.6":
  version: 2.5.6
  resolution: "@biomejs/cli-win32-arm64@npm:2.5.6"
  conditions: os=win32 & cpu=arm64
  languageName: node
  linkType: hard

"@biomejs/cli-win32-x64@npm:2.5.6":
  version: 2.5.6
  resolution: "@biomejs/cli-win32-x64@npm:2.5.6"
  conditions: os=win32 & cpu=x64
  languageName: node
  linkType: hard

"@tanstack/query-core@npm:5.101.4":
  version: 5.101.4
  resolution: "@tanstack/query-core@npm:5.101.4"
  checksum: 10c0/a407960303431e6498c6518cf6f8cc7283d3e4a95dbdc5e9fa42c217b9dd7afaffb82a4f2d36b38f578f745e8cf69ff8551abb947f5abcc0a290f3e3e75dc654
  languageName: node
  linkType: hard

"@tanstack/react-query@npm:^5.101.4":
  version: 5.101.4
  resolution: "@tanstack/react-query@npm:5.101.4"
  dependencies:
    "@tanstack/query-core": "npm:5.101.4"
  peerDependencies:
    react: ^18 || ^19
  checksum: 10c0/92e7c5b44740e753b05a6a19c166ea1a000df64c1bf5edb315d08a5b555a9f16a9d35288ac38f650bd38fc3015b135c392749fd6db24d09db42bfaf758d119fa
  languageName: node
  linkType: hard

"@tumaet/prompt-shared-state@workspace:.":
  version: 0.0.0-use.local
  resolution: "@tumaet/prompt-shared-state@workspace:."
  dependencies:
    "@biomejs/biome": "npm:2.5.6"
    "@tanstack/react-query": "npm:^5.101.4"
    "@types/react": "npm:^19.2.18"
    axios: "npm:^1.19.0"
    i18n-iso-countries: "npm:^7.14.0"
    js-sha256: "npm:^1.0.0"
    react: "npm:^19.2.8"
    react-router-dom: "npm:^7.18.2"
    typescript: "npm:^5.9.3"
    zustand: "npm:^5.0.14"
  peerDependencies:
    "@tanstack/react-query": ^5.101.4
    react: ^19.2.8
    react-router-dom: ^7.18.2
  languageName: unknown
  linkType: soft

"@types/react@npm:^19.2.18":
  version: 19.2.18
  resolution: "@types/react@npm:19.2.18"
  dependencies:
    csstype: "npm:^3.2.2"
  checksum: 10c0/d04216172b4b4362b310017c210dfbe019fb4f4e7dffd0313e70b3acb3051d5c3e76e7e84e3cf4c6a3c824993ffadfe3949e589a6398a09d4200e7670e2962de
  languageName: node
  linkType: hard

"agent-base@npm:6":
  version: 6.0.2
  resolution: "agent-base@npm:6.0.2"
  dependencies:
    debug: "npm:4"
  checksum: 10c0/dc4f757e40b5f3e3d674bc9beb4f1048f4ee83af189bae39be99f57bf1f48dde166a8b0a5342a84b5944ee8e6ed1e5a9d801858f4ad44764e84957122fe46261
  languageName: node
  linkType: hard

"async-function@npm:^1.0.0":
  version: 1.0.0
  resolution: "async-function@npm:1.0.0"
  checksum: 10c0/669a32c2cb7e45091330c680e92eaeb791bc1d4132d827591e499cd1f776ff5a873e77e5f92d0ce795a8d60f10761dec9ddfe7225a5de680f5d357f67b1aac73
  languageName: node
  linkType: hard

"async-generator-function@npm:^1.0.0":
  version: 1.0.0
  resolution: "async-generator-function@npm:1.0.0"
  checksum: 10c0/2c50ef856c543ad500d8d8777d347e3c1ba623b93e99c9263ecc5f965c1b12d2a140e2ab6e43c3d0b85366110696f28114649411cbcd10b452a92a2318394186
  languageName: node
  linkType: hard

"asynckit@npm:^0.4.0":
  version: 0.4.0
  resolution: "asynckit@npm:0.4.0"
  checksum: 10c0/d73e2ddf20c4eb9337e1b3df1a0f6159481050a5de457c55b14ea2e5cb6d90bb69e004c9af54737a5ee0917fcf2c9e25de67777bbe58261847846066ba75bc9d
  languageName: node
  linkType: hard

"axios@npm:^1.19.0":
  version: 1.19.0
  resolution: "axios@npm:1.19.0"
  dependencies:
    follow-redirects: "npm:^1.16.0"
    form-data: "npm:^4.0.6"
    https-proxy-agent: "npm:^5.0.1"
    proxy-from-env: "npm:^2.1.0"
  checksum: 10c0/559fe7d51291787def61566a3db78b87510c8faf9c8a8c006d9d8b933808628ff0d8eca7756b40ae25e07da96d946c68c1ffba3da9075ed0b5d3661801d76869
  languageName: node
  linkType: hard

"call-bind-apply-helpers@npm:^1.0.1, call-bind-apply-helpers@npm:^1.0.2":
  version: 1.0.2
  resolution: "call-bind-apply-helpers@npm:1.0.2"
  dependencies:
    es-errors: "npm:^1.3.0"
    function-bind: "npm:^1.1.2"
  checksum: 10c0/47bd9901d57b857590431243fea704ff18078b16890a6b3e021e12d279bbf211d039155e27d7566b374d49ee1f8189344bac9833dec7a20cdec370506361c938
  languageName: node
  linkType: hard

"combined-stream@npm:^1.0.8":
  version: 1.0.8
  resolution: "combined-stream@npm:1.0.8"
  dependencies:
    delayed-stream: "npm:~1.0.0"
  checksum: 10c0/0dbb829577e1b1e839fa82b40c07ffaf7de8a09b935cadd355a73652ae70a88b4320db322f6634a4ad93424292fa80973ac6480986247f1734a1137debf271d5
  languageName: node
  linkType: hard

"cookie@npm:^1.0.1":
  version: 1.1.1
  resolution: "cookie@npm:1.1.1"
  checksum: 10c0/79c4ddc0fcad9c4f045f826f42edf54bcc921a29586a4558b0898277fa89fb47be95bc384c2253f493af7b29500c830da28341274527328f18eba9f58afa112c
  languageName: node
  linkType: hard

"csstype@npm:^3.2.2":
  version: 3.2.3
  resolution: "csstype@npm:3.2.3"
  checksum: 10c0/cd29c51e70fa822f1cecd8641a1445bed7063697469d35633b516e60fe8c1bde04b08f6c5b6022136bb669b64c63d4173af54864510fbb4ee23281801841a3ce
  languageName: node
  linkType: hard

"debug@npm:4":
  version: 4.4.3
  resolution: "debug@npm:4.4.3"
  dependencies:
    ms: "npm:^2.1.3"
  peerDependenciesMeta:
    supports-color:
      optional: true
  checksum: 10c0/d79136ec6c83ecbefd0f6a5593da6a9c91ec4d7ddc4b54c883d6e71ec9accb5f67a1a5e96d00a328196b5b5c86d365e98d8a3a70856aaf16b4e7b1985e67f5a6
  languageName: node
  linkType: hard

"delayed-stream@npm:~1.0.0":
  version: 1.0.0
  resolution: "delayed-stream@npm:1.0.0"
  checksum: 10c0/d758899da03392e6712f042bec80aa293bbe9e9ff1b2634baae6a360113e708b91326594c8a486d475c69d6259afb7efacdc3537bfcda1c6c648e390ce601b19
  languageName: node
  linkType: hard

"diacritics@npm:1.3.0":
  version: 1.3.0
  resolution: "diacritics@npm:1.3.0"
  checksum: 10c0/bc99c3d2e64315b1830f1573eafe1f7b06fd5dbc9687f35ea8e2e25ce8618d1444d0a2c8313b98467b0aff1d0ee35b8f9f67ef214e56e810b37da3cdb29785ac
  languageName: node
  linkType: hard

"dunder-proto@npm:^1.0.1":
  version: 1.0.1
  resolution: "dunder-proto@npm:1.0.1"
  dependencies:
    call-bind-apply-helpers: "npm:^1.0.1"
    es-errors: "npm:^1.3.0"
    gopd: "npm:^1.2.0"
  checksum: 10c0/199f2a0c1c16593ca0a145dbf76a962f8033ce3129f01284d48c45ed4e14fea9bbacd7b3610b6cdc33486cef20385ac054948fefc6272fcce645c09468f93031
  languageName: node
  linkType: hard

"es-define-property@npm:^1.0.1":
  version: 1.0.1
  resolution: "es-define-property@npm:1.0.1"
  checksum: 10c0/3f54eb49c16c18707949ff25a1456728c883e81259f045003499efba399c08bad00deebf65cccde8c0e07908c1a225c9d472b7107e558f2a48e28d530e34527c
  languageName: node
  linkType: hard

"es-errors@npm:^1.3.0":
  version: 1.3.0
  resolution: "es-errors@npm:1.3.0"
  checksum: 10c0/0a61325670072f98d8ae3b914edab3559b6caa980f08054a3b872052640d91da01d38df55df797fcc916389d77fc92b8d5906cf028f4db46d7e3003abecbca85
  languageName: node
  linkType: hard

"es-object-atoms@npm:^1.0.0, es-object-atoms@npm:^1.1.1":
  version: 1.1.1
  resolution: "es-object-atoms@npm:1.1.1"
  dependencies:
    es-errors: "npm:^1.3.0"
  checksum: 10c0/65364812ca4daf48eb76e2a3b7a89b3f6a2e62a1c420766ce9f692665a29d94fe41fe88b65f24106f449859549711e4b40d9fb8002d862dfd7eb1c512d10be0c
  languageName: node
  linkType: hard

"es-set-tostringtag@npm:^2.1.0":
  version: 2.1.0
  resolution: "es-set-tostringtag@npm:2.1.0"
  dependencies:
    es-errors: "npm:^1.3.0"
    get-intrinsic: "npm:^1.2.6"
    has-tostringtag: "npm:^1.0.2"
    hasown: "npm:^2.0.2"
  checksum: 10c0/ef2ca9ce49afe3931cb32e35da4dcb6d86ab02592cfc2ce3e49ced199d9d0bb5085fc7e73e06312213765f5efa47cc1df553a6a5154584b21448e9fb8355b1af
  languageName: node
  linkType: hard

"follow-redirects@npm:^1.16.0":
  version: 1.16.0
  resolution: "follow-redirects@npm:1.16.0"
  peerDependenciesMeta:
    debug:
      optional: true
  checksum: 10c0/a1e2900163e6f1b4d1ed5c221b607f41decbab65534c63fe7e287e40a5d552a6496e7d9d7d976fa4ba77b4c51c11e5e9f683f10b43011ea11e442ff128d0e181
  languageName: node
  linkType: hard

"form-data@npm:^4.0.6":
  version: 4.0.6
  resolution: "form-data@npm:4.0.6"
  dependencies:
    asynckit: "npm:^0.4.0"
    combined-stream: "npm:^1.0.8"
    es-set-tostringtag: "npm:^2.1.0"
    hasown: "npm:^2.0.4"
    mime-types: "npm:^2.1.35"
  checksum: 10c0/43947a77bf0ff45c6ceed789778982d47a3f3e720a74b71721174ebf3310a5f1a8be1d6b38a3ee3688e8a18a2c4273073ec0844cd37efda3eaf46d41c9c318ff
  languageName: node
  linkType: hard

"function-bind@npm:^1.1.2":
  version: 1.1.2
  resolution: "function-bind@npm:1.1.2"
  checksum: 10c0/d8680ee1e5fcd4c197e4ac33b2b4dce03c71f4d91717292785703db200f5c21f977c568d28061226f9b5900cbcd2c84463646134fd5337e7925e0942bc3f46d5
  languageName: node
  linkType: hard

"generator-function@npm:^2.0.0":
  version: 2.0.1
  resolution: "generator-function@npm:2.0.1"
  checksum: 10c0/8a9f59df0f01cfefafdb3b451b80555e5cf6d76487095db91ac461a0e682e4ff7a9dbce15f4ecec191e53586d59eece01949e05a4b4492879600bbbe8e28d6b8
  languageName: node
  linkType: hard

"get-intrinsic@npm:^1.2.6":
  version: 1.3.1
  resolution: "get-intrinsic@npm:1.3.1"
  dependencies:
    async-function: "npm:^1.0.0"
    async-generator-function: "npm:^1.0.0"
    call-bind-apply-helpers: "npm:^1.0.2"
    es-define-property: "npm:^1.0.1"
    es-errors: "npm:^1.3.0"
    es-object-atoms: "npm:^1.1.1"
    function-bind: "npm:^1.1.2"
    generator-function: "npm:^2.0.0"
    get-proto: "npm:^1.0.1"
    gopd: "npm:^1.2.0"
    has-symbols: "npm:^1.1.0"
    hasown: "npm:^2.0.2"
    math-intrinsics: "npm:^1.1.0"
  checksum: 10c0/9f4ab0cf7efe0fd2c8185f52e6f637e708f3a112610c88869f8f041bb9ecc2ce44bf285dfdbdc6f4f7c277a5b88d8e94a432374d97cca22f3de7fc63795deb5d
  languageName: node
  linkType: hard

"get-proto@npm:^1.0.1":
  version: 1.0.1
  resolution: "get-proto@npm:1.0.1"
  dependencies:
    dunder-proto: "npm:^1.0.1"
    es-object-atoms: "npm:^1.0.0"
  checksum: 10c0/9224acb44603c5526955e83510b9da41baf6ae73f7398875fba50edc5e944223a89c4a72b070fcd78beb5f7bdda58ecb6294adc28f7acfc0da05f76a2399643c
  languageName: node
  linkType: hard

"gopd@npm:^1.2.0":
  version: 1.2.0
  resolution: "gopd@npm:1.2.0"
  checksum: 10c0/50fff1e04ba2b7737c097358534eacadad1e68d24cccee3272e04e007bed008e68d2614f3987788428fd192a5ae3889d08fb2331417e4fc4a9ab366b2043cead
  languageName: node
  linkType: hard

"has-symbols@npm:^1.0.3, has-symbols@npm:^1.1.0":
  version: 1.1.0
  resolution: "has-symbols@npm:1.1.0"
  checksum: 10c0/dde0a734b17ae51e84b10986e651c664379018d10b91b6b0e9b293eddb32f0f069688c841fb40f19e9611546130153e0a2a48fd7f512891fb000ddfa36f5a20e
  languageName: node
  linkType: hard

"has-tostringtag@npm:^1.0.2":
  version: 1.0.2
  resolution: "has-tostringtag@npm:1.0.2"
  dependencies:
    has-symbols: "npm:^1.0.3"
  checksum: 10c0/a8b166462192bafe3d9b6e420a1d581d93dd867adb61be223a17a8d6dad147aa77a8be32c961bb2f27b3ef893cae8d36f564ab651f5e9b7938ae86f74027c48c
  languageName: node
  linkType: hard

"hasown@npm:^2.0.2":
  version: 2.0.2
  resolution: "hasown@npm:2.0.2"
  dependencies:
    function-bind: "npm:^1.1.2"
  checksum: 10c0/3769d434703b8ac66b209a4cca0737519925bbdb61dd887f93a16372b14694c63ff4e797686d87c90f08168e81082248b9b028bad60d4da9e0d1148766f56eb9
  languageName: node
  linkType: hard

"hasown@npm:^2.0.4":
  version: 2.0.4
  resolution: "hasown@npm:2.0.4"
  dependencies:
    function-bind: "npm:^1.1.2"
  checksum: 10c0/2d8de939e270b70618f8cebb69746620db10617dbb495bc66ddad326955ea24d3ca4af133aff3eb7c1853e0218f867bc2b050ec26fe02e3aea58f880ffc5e506
  languageName: node
  linkType: hard

"https-proxy-agent@npm:^5.0.1":
  version: 5.0.1
  resolution: "https-proxy-agent@npm:5.0.1"
  dependencies:
    agent-base: "npm:6"
    debug: "npm:4"
  checksum: 10c0/6dd639f03434003577c62b27cafdb864784ef19b2de430d8ae2a1d45e31c4fd60719e5637b44db1a88a046934307da7089e03d6089ec3ddacc1189d8de8897d1
  languageName: node
  linkType: hard

"i18n-iso-countries@npm:^7.14.0":
  version: 7.14.0
  resolution: "i18n-iso-countries@npm:7.14.0"
  dependencies:
    diacritics: "npm:1.3.0"
  checksum: 10c0/048efe0c95feb6666a72cb0918d6edcb6a392787b2998eefe7e42d19bf35ac27a02ad61efd64857399d7938dcf3e4c7710f622f7e6c8de9628cb4e4dd5534830
  languageName: node
  linkType: hard

"js-sha256@npm:^1.0.0":
  version: 1.0.0
  resolution: "js-sha256@npm:1.0.0"
  checksum: 10c0/24749f9ce929d3121324ba168f120802177939ca8b5411ef3ac69e6333b005a1be92279be50b41e24c1e30094d4eb6e231be7471e50fa5aa54a600f6fcd05612
  languageName: node
  linkType: hard

"math-intrinsics@npm:^1.1.0":
  version: 1.1.0
  resolution: "math-intrinsics@npm:1.1.0"
  checksum: 10c0/7579ff94e899e2f76ab64491d76cf606274c874d8f2af4a442c016bd85688927fcfca157ba6bf74b08e9439dc010b248ce05b96cc7c126a354c3bae7fcb48b7f
  languageName: node
  linkType: hard

"mime-db@npm:1.52.0":
  version: 1.52.0
  resolution: "mime-db@npm:1.52.0"
  checksum: 10c0/0557a01deebf45ac5f5777fe7740b2a5c309c6d62d40ceab4e23da9f821899ce7a900b7ac8157d4548ddbb7beffe9abc621250e6d182b0397ec7f10c7b91a5aa
  languageName: node
  linkType: hard

"mime-types@npm:^2.1.35":
  version: 2.1.35
  resolution: "mime-types@npm:2.1.35"
  dependencies:
    mime-db: "npm:1.52.0"
  checksum: 10c0/82fb07ec56d8ff1fc999a84f2f217aa46cb6ed1033fefaabd5785b9a974ed225c90dc72fff460259e66b95b73648596dbcc50d51ed69cdf464af2d237d3149b2
  languageName: node
  linkType: hard

"ms@npm:^2.1.3":
  version: 2.1.3
  resolution: "ms@npm:2.1.3"
  checksum: 10c0/d924b57e7312b3b63ad21fc5b3dc0af5e78d61a1fc7cfb5457edaf26326bf62be5307cc87ffb6862ef1c2b33b0233cdb5d4f01c4c958cc0d660948b65a287a48
  languageName: node
  linkType: hard

"proxy-from-env@npm:^2.1.0":
  version: 2.1.0
  resolution: "proxy-from-env@npm:2.1.0"
  checksum: 10c0/ed01729fd4d094eab619cd7e17ce3698b3413b31eb102c4904f9875e677cd207392795d5b4adee9cec359dfd31c44d5ad7595a3a3ad51c40250e141512281c58
  languageName: node
  linkType: hard

"react-router-dom@npm:^7.18.2":
  version: 7.18.2
  resolution: "react-router-dom@npm:7.18.2"
  dependencies:
    react-router: "npm:7.18.2"
  peerDependencies:
    react: ">=18"
    react-dom: ">=18"
  checksum: 10c0/234926d664a5b5c355aeb8642f505784facbb63321231428f24e5ea7fb859876443082d63eef4b8167a01ea8d8dab231a666736343c3e4a86a05b2fcb88927b5
  languageName: node
  linkType: hard

"react-router@npm:7.18.2":
  version: 7.18.2
  resolution: "react-router@npm:7.18.2"
  dependencies:
    cookie: "npm:^1.0.1"
    set-cookie-parser: "npm:^2.6.0"
  peerDependencies:
    react: ">=18"
    react-dom: ">=18"
  peerDependenciesMeta:
    react-dom:
      optional: true
  checksum: 10c0/513b04adf020fcf95124557418e003d16b175765045332858d5817b045e49dfe33b529c4871c57b0cddf24fa5432589ffc45d1a9a5b398b069f02adb755fab15
  languageName: node
  linkType: hard

"react@npm:^19.2.8":
  version: 19.2.8
  resolution: "react@npm:19.2.8"
  checksum: 10c0/5f86bdb56426652fd6d989d30a6f2e603c057272c47c9ca3a3fbe190a3a39ee9ccce937d63cfc039717abed1b8891d6a499134bc35311acc07eafdacd86537cd
  languageName: node
  linkType: hard

"set-cookie-parser@npm:^2.6.0":
  version: 2.7.2
  resolution: "set-cookie-parser@npm:2.7.2"
  checksum: 10c0/4381a9eb7ee951dfe393fe7aacf76b9a3b4e93a684d2162ab35594fa4053cc82a4d7d7582bf397718012c9adcf839b8cd8f57c6c42901ea9effe33c752da4a45
  languageName: node
  linkType: hard

"typescript@npm:^5.9.3":
  version: 5.9.3
  resolution: "typescript@npm:5.9.3"
  bin:
    tsc: bin/tsc
    tsserver: bin/tsserver
  checksum: 10c0/6bd7552ce39f97e711db5aa048f6f9995b53f1c52f7d8667c1abdc1700c68a76a308f579cd309ce6b53646deb4e9a1be7c813a93baaf0a28ccd536a30270e1c5
  languageName: node
  linkType: hard

"typescript@patch:typescript@npm%3A^5.9.3#optional!builtin<compat/typescript>":
  version: 5.9.3
  resolution: "typescript@patch:typescript@npm%3A5.9.3#optional!builtin<compat/typescript>::version=5.9.3&hash=5786d5"
  bin:
    tsc: bin/tsc
    tsserver: bin/tsserver
  checksum: 10c0/ad09fdf7a756814dce65bc60c1657b40d44451346858eea230e10f2e95a289d9183b6e32e5c11e95acc0ccc214b4f36289dcad4bf1886b0adb84d711d336a430
  languageName: node
  linkType: hard

"zustand@npm:^5.0.14":
  version: 5.0.14
  resolution: "zustand@npm:5.0.14"
  peerDependencies:
    "@types/react": ">=18.0.0"
    immer: ">=9.0.6"
    react: ">=18.0.0"
    use-sync-external-store: ">=1.2.0"
  peerDependenciesMeta:
    "@types/react":
      optional: true
    immer:
      optional: true
    react:
      optional: true
    use-sync-external-store:
      optional: true
  checksum: 10c0/89de0c8119f1e0861b2f896a0b4df0d67994a373ecee02628d4e7b97cee1885207f646917d3ede395c3a5083316d48846855cfbc84aced7cd23a6db3238930a8
  languageName: node
  linkType: hard
